{
  "requires": true,
  "lockfileVersion": 1,
  "dependencies": {
    "@vue/test-utils": {
      "version": "1.0.0-beta.29",
      "resolved": "https://registry.npmjs.org/@vue/test-utils/-/test-utils-1.0.0-beta.29.tgz",
      "integrity": "sha512-yX4sxEIHh4M9yAbLA/ikpEnGKMNBCnoX98xE1RwxfhQVcn0MaXNSj1Qmac+ZydTj6VBSEVukchBogXBTwc+9iA==",
      "requires": {
        "dom-event-types": "^1.0.0",
        "lodash": "^4.17.4"
      }
    },
    "custom-event-polyfill": {
      "version": "1.0.7",
      "resolved": "https://registry.npmjs.org/custom-event-polyfill/-/custom-event-polyfill-1.0.7.tgz",
      "integrity": "sha512-TDDkd5DkaZxZFM8p+1I3yAlvM3rSr1wbrOliG4yJiwinMZN8z/iGL7BTlDkrJcYTmgUSb4ywVCc3ZaUtOtC76w=="
    },
    "dom-event-types": {
      "version": "1.0.0",
      "resolved": "https://registry.npmjs.org/dom-event-types/-/dom-event-types-1.0.0.tgz",
      "integrity": "sha512-2G2Vwi2zXTHBGqXHsJ4+ak/iP0N8Ar+G8a7LiD2oup5o4sQWytwqqrZu/O6hIMV0KMID2PL69OhpshLO0n7UJQ=="
    },
    "element-matches": {
      "version": "0.1.2",
      "resolved": "https://registry.npmjs.org/element-matches/-/element-matches-0.1.2.tgz",
      "integrity": "sha512-yWh1otcs3OKUWDvu/IxyI36ZI3WNaRZlI0uG/DK6fu0pap0VYZ0J5pEGTk1zakme+hT0OKHwhlHc0N5TJhY6yQ=="
    },
    "lodash": {
      "version": "4.17.15",
      "resolved": "https://registry.npmjs.org/lodash/-/lodash-4.17.15.tgz",
      "integrity": "sha512-8xOcRHvCjnocdS5cpwXQXVzmmh5e5+saE2QGoeQmbKmRS6J3VQppPOIt0MnmE+4xlZoumy0GPG0D0MVIQbNA1A=="
    },
    "vue": {
      "version": "2.6.10",
      "resolved": "https://registry.npmjs.org/vue/-/vue-2.6.10.tgz",
      "integrity": "sha512-ImThpeNU9HbdZL3utgMCq0oiMzAkt1mcgy3/E6zWC/G6AaQoeuFdsl9nDhTDU3X1R6FK7nsIUuRACVcjI+A2GQ=="
    },
    "vue-fullscreen": {
      "version": "2.1.5",
      "resolved": "https://registry.npmjs.org/vue-fullscreen/-/vue-fullscreen-2.1.5.tgz",
      "integrity": "sha512-M8wx+OV7uCGOQ/iLi5d2WHbWW9ad9uBPsW50iezV7LDrZ6iuXkDJSCmTaQgnRKJWOOfPsQrgNFME1LKMRrFmgg=="
    },
    "vue-shortkey": {
      "version": "3.1.7",
      "resolved": "https://registry.npmjs.org/vue-shortkey/-/vue-shortkey-3.1.7.tgz",
      "integrity": "sha512-Wm/vPXXS+4Wl/LoYpD+cZc0J0HIoVlY8Ep0JLIqqswmAya3XUBtsqKbhzEf9sXo+3rZ5p1YsUyZfXas8XD7YjQ==",
      "requires": {
        "custom-event-polyfill": "^1.0.7",
        "element-matches": "^0.1.2"
      }
    },
    "vuetify": {
      "version": "1.5.14",
      "resolved": "https://registry.npmjs.org/vuetify/-/vuetify-1.5.14.tgz",
      "integrity": "sha512-7iM+TfghR/wu/Gl+k37lKr0N8Ddr6SxzqHtoK1dIyHgCH6SJRkpaXPw2MC5/FsAg9aUDJbYNWrzSeu5eHw+Q/w=="
    }
  }
}
