{
  "requires": true,
  "lockfileVersion": 1,
  "dependencies": {
    "custom-event-polyfill": {
      "version": "1.0.7",
      "resolved": "https://registry.npmjs.org/custom-event-polyfill/-/custom-event-polyfill-1.0.7.tgz",
      "integrity": "sha512-TDDkd5DkaZxZFM8p+1I3yAlvM3rSr1wbrOliG4yJiwinMZN8z/iGL7BTlDkrJcYTmgUSb4ywVCc3ZaUtOtC76w=="
    },
    "element-matches": {
      "version": "0.1.2",
      "resolved": "https://registry.npmjs.org/element-matches/-/element-matches-0.1.2.tgz",
      "integrity": "sha512-yWh1otcs3OKUWDvu/IxyI36ZI3WNaRZlI0uG/DK6fu0pap0VYZ0J5pEGTk1zakme+hT0OKHwhlHc0N5TJhY6yQ=="
    },
    "vue": {
      "version": "2.6.10",
      "resolved": "https://registry.npmjs.org/vue/-/vue-2.6.10.tgz",
      "integrity": "sha512-ImThpeNU9HbdZL3utgMCq0oiMzAkt1mcgy3/E6zWC/G6AaQoeuFdsl9nDhTDU3X1R6FK7nsIUuRACVcjI+A2GQ=="
    },
    "vue-fullscreen": {
      "version": "2.1.5",
      "resolved": "https://registry.npmjs.org/vue-fullscreen/-/vue-fullscreen-2.1.5.tgz",
      "integrity": "sha512-M8wx+OV7uCGOQ/iLi5d2WHbWW9ad9uBPsW50iezV7LDrZ6iuXkDJSCmTaQgnRKJWOOfPsQrgNFME1LKMRrFmgg=="
    },
    "vue-shortkey": {
      "version": "3.1.7",
      "resolved": "https://registry.npmjs.org/vue-shortkey/-/vue-shortkey-3.1.7.tgz",
      "integrity": "sha512-Wm/vPXXS+4Wl/LoYpD+cZc0J0HIoVlY8Ep0JLIqqswmAya3XUBtsqKbhzEf9sXo+3rZ5p1YsUyZfXas8XD7YjQ==",
      "requires": {
        "custom-event-polyfill": "1.0.7",
        "element-matches": "0.1.2"
      }
    }
  }
}
