{
  "requires": true,
  "lockfileVersion": 1,
  "dependencies": {
    "vue": {
      "version": "2.6.10",
      "resolved": "https://registry.npmjs.org/vue/-/vue-2.6.10.tgz",
      "integrity": "sha512-ImThpeNU9HbdZL3utgMCq0oiMzAkt1mcgy3/E6zWC/G6AaQoeuFdsl9nDhTDU3X1R6FK7nsIUuRACVcjI+A2GQ=="
    },
    "vue-fullscreen": {
      "version": "2.1.5",
      "resolved": "https://registry.npmjs.org/vue-fullscreen/-/vue-fullscreen-2.1.5.tgz",
      "integrity": "sha512-M8wx+OV7uCGOQ/iLi5d2WHbWW9ad9uBPsW50iezV7LDrZ6iuXkDJSCmTaQgnRKJWOOfPsQrgNFME1LKMRrFmgg=="
    },
    "vue-shortkey": {
      "version": "3.1.6",
      "resolved": "https://registry.npmjs.org/vue-shortkey/-/vue-shortkey-3.1.6.tgz",
      "integrity": "sha512-Nh5cwN86rfNCKINVi16OzN/iVPLvhk1yvVZD8h8E34WlzDRtdm+dngUjfsedz30+Eebbr6c444TmLLIrKqzW9g==",
      "requires": {
        "vue": "^2.1.0"
      }
    }
  }
}
